
Microsoft Visual Studio Solution File, Format Version 12.00
# Visual Studio Version 17
VisualStudioVersion = 17.9.34902.65
MinimumVisualStudioVersion = 10.0.40219.1
Project("{FAE04EC0-301F-11D3-BF4B-00C04F79EFBC}") = "WebApplication3.API", "WebApplication3.API\WebApplication3.API.csproj", "{60839328-B121-427F-8563-72BA962CF8A4}"
EndProject
Project("{FAE04EC0-301F-11D3-BF4B-00C04F79EFBC}") = "WebApplication.Core", "WebApplication.Core\WebApplication.Core.csproj", "{C0E0B1F9-B7E6-4F11-B550-DAD92EF3A63F}"
EndProject
Global
	GlobalSection(SolutionConfigurationPlatforms) = preSolution
		Debug|Any CPU = Debug|Any CPU
		Release|Any CPU = Release|Any CPU
	EndGlobalSection
	GlobalSection(ProjectConfigurationPlatforms) = postSolution
		{60839328-B121-427F-8563-72BA962CF8A4}.Debug|Any CPU.ActiveCfg = Debug|Any CPU
		{60839328-B121-427F-8563-72BA962CF8A4}.Debug|Any CPU.Build.0 = Debug|Any CPU
		{60839328-B121-427F-8563-72BA962CF8A4}.Release|Any CPU.ActiveCfg = Release|Any CPU
		{60839328-B121-427F-8563-72BA962CF8A4}.Release|Any CPU.Build.0 = Release|Any CPU
		{C0E0B1F9-B7E6-4F11-B550-DAD92EF3A63F}.Debug|Any CPU.ActiveCfg = Debug|Any CPU
		{C0E0B1F9-B7E6-4F11-B550-DAD92EF3A63F}.Debug|Any CPU.Build.0 = Debug|Any CPU
		{C0E0B1F9-B7E6-4F11-B550-DAD92EF3A63F}.Release|Any CPU.ActiveCfg = Release|Any CPU
		{C0E0B1F9-B7E6-4F11-B550-DAD92EF3A63F}.Release|Any CPU.Build.0 = Release|Any CPU
	EndGlobalSection
	GlobalSection(SolutionProperties) = preSolution
		HideSolutionNode = FALSE
	EndGlobalSection
	GlobalSection(ExtensibilityGlobals) = postSolution
		SolutionGuid = {CE8605A1-8870-4D72-AB99-D8D64838F37B}
	EndGlobalSection
EndGlobal
